// !$*UTF8*$!
{
	archiveVersion = 1;
	classes = {
	};
	objectVersion = 56;
	objects = {

/* Begin PBXBuildFile section */
		AE69A0402B2CAC50003E9C37 /* WeatherAppApp.swift in Sources */ = {isa = PBXBuildFile; fileRef = AE69A03F2B2CAC50003E9C37 /* WeatherAppApp.swift */; };
		AE69A0422B2CAC50003E9C37 /* ContentView.swift in Sources */ = {isa = PBXBuildFile; fileRef = AE69A0412B2CAC50003E9C37 /* ContentView.swift */; };
		AE69A0442B2CAC51003E9C37 /* Assets.xcassets in Resources */ = {isa = PBXBuildFile; fileRef = AE69A0432B2CAC51003E9C37 /* Assets.xcassets */; };
		AE69A0472B2CAC51003E9C37 /* Preview Assets.xcassets in Resources */ = {isa = PBXBuildFile; fileRef = AE69A0462B2CAC51003E9C37 /* Preview Assets.xcassets */; };
		AE69A04F2B2CAFEC003E9C37 /* CombineCocoa in Frameworks */ = {isa = PBXBuildFile; productRef = AE69A04E2B2CAFEC003E9C37 /* CombineCocoa */; };
		AE69A0522B2CAFF8003E9C37 /* ObjectMapper in Frameworks */ = {isa = PBXBuildFile; productRef = AE69A0512B2CAFF8003E9C37 /* ObjectMapper */; };
		AE69A0552B2CB00E003E9C37 /* Alamofire in Frameworks */ = {isa = PBXBuildFile; productRef = AE69A0542B2CB00E003E9C37 /* Alamofire */; };
		AE69A0572B2CB023003E9C37 /* WeatherAPI.swift in Sources */ = {isa = PBXBuildFile; fileRef = AE69A0562B2CB023003E9C37 /* WeatherAPI.swift */; };
		AE69A05A2B2CB055003E9C37 /* CurrentWeatherResponse.swift in Sources */ = {isa = PBXBuildFile; fileRef = AE69A0592B2CB055003E9C37 /* CurrentWeatherResponse.swift */; };
		AE69A05C2B2CB06E003E9C37 /* ForecastWeatherResponse.swift in Sources */ = {isa = PBXBuildFile; fileRef = AE69A05B2B2CB06E003E9C37 /* ForecastWeatherResponse.swift */; };
		AE69A05E2B2CB389003E9C37 /* Response.swift in Sources */ = {isa = PBXBuildFile; fileRef = AE69A05D2B2CB389003E9C37 /* Response.swift */; };
		AE69A0602B2CB81B003E9C37 /* WeatherViewModel.swift in Sources */ = {isa = PBXBuildFile; fileRef = AE69A05F2B2CB81B003E9C37 /* WeatherViewModel.swift */; };
		AEC3CCDD2B2CD127008E08DC /* BackgroundView.swift in Sources */ = {isa = PBXBuildFile; fileRef = AEC3CCDC2B2CD127008E08DC /* BackgroundView.swift */; };
		AEC3CCE02B2CDEE2008E08DC /* ColorExtension.swift in Sources */ = {isa = PBXBuildFile; fileRef = AEC3CCDF2B2CDEE2008E08DC /* ColorExtension.swift */; };
		AEC3CCE22B2CF2E1008E08DC /* SearchButton.swift in Sources */ = {isa = PBXBuildFile; fileRef = AEC3CCE12B2CF2E1008E08DC /* SearchButton.swift */; };
		AEC3CCE42B2CFAB2008E08DC /* ForecastView.swift in Sources */ = {isa = PBXBuildFile; fileRef = AEC3CCE32B2CFAB2008E08DC /* ForecastView.swift */; };
		AEC3CCE62B2D06E1008E08DC /* ForecastButton.swift in Sources */ = {isa = PBXBuildFile; fileRef = AEC3CCE52B2D06E1008E08DC /* ForecastButton.swift */; };
		AEC3CCF02B2DF8B7008E08DC /* WeatherView.swift in Sources */ = {isa = PBXBuildFile; fileRef = AEC3CCEF2B2DF8B7008E08DC /* WeatherView.swift */; };
		AEC3CCF22B2F25F3008E08DC /* TextExtension.swift in Sources */ = {isa = PBXBuildFile; fileRef = AEC3CCF12B2F25F3008E08DC /* TextExtension.swift */; };
		AEC3CCF42B2F27EB008E08DC /* ConvertButton.swift in Sources */ = {isa = PBXBuildFile; fileRef = AEC3CCF32B2F27EB008E08DC /* ConvertButton.swift */; };
/* End PBXBuildFile section */

/* Begin PBXFileReference section */
		AE69A03C2B2CAC50003E9C37 /* WeatherApp.app */ = {isa = PBXFileReference; explicitFileType = wrapper.application; includeInIndex = 0; path = WeatherApp.app; sourceTree = BUILT_PRODUCTS_DIR; };
		AE69A03F2B2CAC50003E9C37 /* WeatherAppApp.swift */ = {isa = PBXFileReference; lastKnownFileType = sourcecode.swift; path = WeatherAppApp.swift; sourceTree = "<group>"; };
		AE69A0412B2CAC50003E9C37 /* ContentView.swift */ = {isa = PBXFileReference; lastKnownFileType = sourcecode.swift; path = ContentView.swift; sourceTree = "<group>"; };
		AE69A0432B2CAC51003E9C37 /* Assets.xcassets */ = {isa = PBXFileReference; lastKnownFileType = folder.assetcatalog; path = Assets.xcassets; sourceTree = "<group>"; };
		AE69A0462B2CAC51003E9C37 /* Preview Assets.xcassets */ = {isa = PBXFileReference; lastKnownFileType = folder.assetcatalog; path = "Preview Assets.xcassets"; sourceTree = "<group>"; };
		AE69A0562B2CB023003E9C37 /* WeatherAPI.swift */ = {isa = PBXFileReference; lastKnownFileType = sourcecode.swift; path = WeatherAPI.swift; sourceTree = "<group>"; };
		AE69A0592B2CB055003E9C37 /* CurrentWeatherResponse.swift */ = {isa = PBXFileReference; lastKnownFileType = sourcecode.swift; path = CurrentWeatherResponse.swift; sourceTree = "<group>"; };
		AE69A05B2B2CB06E003E9C37 /* ForecastWeatherResponse.swift */ = {isa = PBXFileReference; lastKnownFileType = sourcecode.swift; path = ForecastWeatherResponse.swift; sourceTree = "<group>"; };
		AE69A05D2B2CB389003E9C37 /* Response.swift */ = {isa = PBXFileReference; lastKnownFileType = sourcecode.swift; path = Response.swift; sourceTree = "<group>"; };
		AE69A05F2B2CB81B003E9C37 /* WeatherViewModel.swift */ = {isa = PBXFileReference; lastKnownFileType = sourcecode.swift; path = WeatherViewModel.swift; sourceTree = "<group>"; };
		AEC3CCDC2B2CD127008E08DC /* BackgroundView.swift */ = {isa = PBXFileReference; lastKnownFileType = sourcecode.swift; path = BackgroundView.swift; sourceTree = "<group>"; };
		AEC3CCDF2B2CDEE2008E08DC /* ColorExtension.swift */ = {isa = PBXFileReference; lastKnownFileType = sourcecode.swift; path = ColorExtension.swift; sourceTree = "<group>"; };
		AEC3CCE12B2CF2E1008E08DC /* SearchButton.swift */ = {isa = PBXFileReference; lastKnownFileType = sourcecode.swift; path = SearchButton.swift; sourceTree = "<group>"; };
		AEC3CCE32B2CFAB2008E08DC /* ForecastView.swift */ = {isa = PBXFileReference; lastKnownFileType = sourcecode.swift; path = ForecastView.swift; sourceTree = "<group>"; };
		AEC3CCE52B2D06E1008E08DC /* ForecastButton.swift */ = {isa = PBXFileReference; lastKnownFileType = sourcecode.swift; path = ForecastButton.swift; sourceTree = "<group>"; };
		AEC3CCEF2B2DF8B7008E08DC /* WeatherView.swift */ = {isa = PBXFileReference; lastKnownFileType = sourcecode.swift; path = WeatherView.swift; sourceTree = "<group>"; };
		AEC3CCF12B2F25F3008E08DC /* TextExtension.swift */ = {isa = PBXFileReference; lastKnownFileType = sourcecode.swift; path = TextExtension.swift; sourceTree = "<group>"; };
		AEC3CCF32B2F27EB008E08DC /* ConvertButton.swift */ = {isa = PBXFileReference; lastKnownFileType = sourcecode.swift; path = ConvertButton.swift; sourceTree = "<group>"; };
/* End PBXFileReference section */

/* Begin PBXFrameworksBuildPhase section */
		AE69A0392B2CAC50003E9C37 /* Frameworks */ = {
			isa = PBXFrameworksBuildPhase;
			buildActionMask = 2147483647;
			files = (
				AE69A0552B2CB00E003E9C37 /* Alamofire in Frameworks */,
				AE69A0522B2CAFF8003E9C37 /* ObjectMapper in Frameworks */,
				AE69A04F2B2CAFEC003E9C37 /* CombineCocoa in Frameworks */,
			);
			runOnlyForDeploymentPostprocessing = 0;
		};
/* End PBXFrameworksBuildPhase section */

/* Begin PBXGroup section */
		AE69A0332B2CAC50003E9C37 = {
			isa = PBXGroup;
			children = (
				AE69A03E2B2CAC50003E9C37 /* WeatherApp */,
				AE69A03D2B2CAC50003E9C37 /* Products */,
			);
			sourceTree = "<group>";
		};
		AE69A03D2B2CAC50003E9C37 /* Products */ = {
			isa = PBXGroup;
			children = (
				AE69A03C2B2CAC50003E9C37 /* WeatherApp.app */,
			);
			name = Products;
			sourceTree = "<group>";
		};
		AE69A03E2B2CAC50003E9C37 /* WeatherApp */ = {
			isa = PBXGroup;
			children = (
				AEC3CCDE2B2CDEC9008E08DC /* Utility */,
				AEC3CCEC2B2DF721008E08DC /* Component */,
				AEC3CCEE2B2DF7A1008E08DC /* ViewModel */,
				AE69A0582B2CB03D003E9C37 /* Response */,
				AEC3CCDB2B2CC482008E08DC /* View */,
				AE69A03F2B2CAC50003E9C37 /* WeatherAppApp.swift */,
				AE69A0412B2CAC50003E9C37 /* ContentView.swift */,
				AE69A0432B2CAC51003E9C37 /* Assets.xcassets */,
				AE69A0452B2CAC51003E9C37 /* Preview Content */,
			);
			path = WeatherApp;
			sourceTree = "<group>";
		};
		AE69A0452B2CAC51003E9C37 /* Preview Content */ = {
			isa = PBXGroup;
			children = (
				AE69A0462B2CAC51003E9C37 /* Preview Assets.xcassets */,
			);
			path = "Preview Content";
			sourceTree = "<group>";
		};
		AE69A0582B2CB03D003E9C37 /* Response */ = {
			isa = PBXGroup;
			children = (
				AE69A0592B2CB055003E9C37 /* CurrentWeatherResponse.swift */,
				AE69A05B2B2CB06E003E9C37 /* ForecastWeatherResponse.swift */,
				AE69A05D2B2CB389003E9C37 /* Response.swift */,
			);
			path = Response;
			sourceTree = "<group>";
		};
		AEC3CCDB2B2CC482008E08DC /* View */ = {
			isa = PBXGroup;
			children = (
				AEC3CCE32B2CFAB2008E08DC /* ForecastView.swift */,
				AEC3CCEF2B2DF8B7008E08DC /* WeatherView.swift */,
			);
			path = View;
			sourceTree = "<group>";
		};
		AEC3CCDE2B2CDEC9008E08DC /* Utility */ = {
			isa = PBXGroup;
			children = (
				AEC3CCDF2B2CDEE2008E08DC /* ColorExtension.swift */,
				AEC3CCF12B2F25F3008E08DC /* TextExtension.swift */,
			);
			path = Utility;
			sourceTree = "<group>";
		};
		AEC3CCEC2B2DF721008E08DC /* Component */ = {
			isa = PBXGroup;
			children = (
				AEC3CCE52B2D06E1008E08DC /* ForecastButton.swift */,
				AEC3CCE12B2CF2E1008E08DC /* SearchButton.swift */,
				AEC3CCDC2B2CD127008E08DC /* BackgroundView.swift */,
				AEC3CCF32B2F27EB008E08DC /* ConvertButton.swift */,
			);
			path = Component;
			sourceTree = "<group>";
		};
		AEC3CCED2B2DF78B008E08DC /* API */ = {
			isa = PBXGroup;
			children = (
				AE69A0562B2CB023003E9C37 /* WeatherAPI.swift */,
			);
			path = API;
			sourceTree = "<group>";
		};
		AEC3CCEE2B2DF7A1008E08DC /* ViewModel */ = {
			isa = PBXGroup;
			children = (
				AEC3CCED2B2DF78B008E08DC /* API */,
				AE69A05F2B2CB81B003E9C37 /* WeatherViewModel.swift */,
			);
			path = ViewModel;
			sourceTree = "<group>";
		};
/* End PBXGroup section */

/* Begin PBXNativeTarget section */
		AE69A03B2B2CAC50003E9C37 /* WeatherApp */ = {
			isa = PBXNativeTarget;
			buildConfigurationList = AE69A04A2B2CAC51003E9C37 /* Build configuration list for PBXNativeTarget "WeatherApp" */;
			buildPhases = (
				AE69A0382B2CAC50003E9C37 /* Sources */,
				AE69A0392B2CAC50003E9C37 /* Frameworks */,
				AE69A03A2B2CAC50003E9C37 /* Resources */,
			);
			buildRules = (
			);
			dependencies = (
			);
			name = WeatherApp;
			packageProductDependencies = (
				AE69A04E2B2CAFEC003E9C37 /* CombineCocoa */,
				AE69A0512B2CAFF8003E9C37 /* ObjectMapper */,
				AE69A0542B2CB00E003E9C37 /* Alamofire */,
			);
			productName = WeatherApp;
			productReference = AE69A03C2B2CAC50003E9C37 /* WeatherApp.app */;
			productType = "com.apple.product-type.application";
		};
/* End PBXNativeTarget section */

/* Begin PBXProject section */
		AE69A0342B2CAC50003E9C37 /* Project object */ = {
			isa = PBXProject;
			attributes = {
				BuildIndependentTargetsInParallel = 1;
				LastSwiftUpdateCheck = 1510;
				LastUpgradeCheck = 1510;
				TargetAttributes = {
					AE69A03B2B2CAC50003E9C37 = {
						CreatedOnToolsVersion = 15.1;
					};
				};
			};
			buildConfigurationList = AE69A0372B2CAC50003E9C37 /* Build configuration list for PBXProject "WeatherApp" */;
			compatibilityVersion = "Xcode 14.0";
			developmentRegion = en;
			hasScannedForEncodings = 0;
			knownRegions = (
				en,
				Base,
			);
			mainGroup = AE69A0332B2CAC50003E9C37;
			packageReferences = (
				AE69A04D2B2CAFEC003E9C37 /* XCRemoteSwiftPackageReference "CombineCocoa" */,
				AE69A0502B2CAFF8003E9C37 /* XCRemoteSwiftPackageReference "ObjectMapper" */,
				AE69A0532B2CB00E003E9C37 /* XCRemoteSwiftPackageReference "Alamofire" */,
			);
			productRefGroup = AE69A03D2B2CAC50003E9C37 /* Products */;
			projectDirPath = "";
			projectRoot = "";
			targets = (
				AE69A03B2B2CAC50003E9C37 /* WeatherApp */,
			);
		};
/* End PBXProject section */

/* Begin PBXResourcesBuildPhase section */
		AE69A03A2B2CAC50003E9C37 /* Resources */ = {
			isa = PBXResourcesBuildPhase;
			buildActionMask = 2147483647;
			files = (
				AE69A0472B2CAC51003E9C37 /* Preview Assets.xcassets in Resources */,
				AE69A0442B2CAC51003E9C37 /* Assets.xcassets in Resources */,
			);
			runOnlyForDeploymentPostprocessing = 0;
		};
/* End PBXResourcesBuildPhase section */

/* Begin PBXSourcesBuildPhase section */
		AE69A0382B2CAC50003E9C37 /* Sources */ = {
			isa = PBXSourcesBuildPhase;
			buildActionMask = 2147483647;
			files = (
				AE69A0422B2CAC50003E9C37 /* ContentView.swift in Sources */,
				AE69A05A2B2CB055003E9C37 /* CurrentWeatherResponse.swift in Sources */,
				AEC3CCE22B2CF2E1008E08DC /* SearchButton.swift in Sources */,
				AE69A0572B2CB023003E9C37 /* WeatherAPI.swift in Sources */,
				AEC3CCE62B2D06E1008E08DC /* ForecastButton.swift in Sources */,
				AEC3CCF02B2DF8B7008E08DC /* WeatherView.swift in Sources */,
				AE69A0602B2CB81B003E9C37 /* WeatherViewModel.swift in Sources */,
				AE69A05C2B2CB06E003E9C37 /* ForecastWeatherResponse.swift in Sources */,
				AEC3CCDD2B2CD127008E08DC /* BackgroundView.swift in Sources */,
				AE69A05E2B2CB389003E9C37 /* Response.swift in Sources */,
				AEC3CCF22B2F25F3008E08DC /* TextExtension.swift in Sources */,
				AE69A0402B2CAC50003E9C37 /* WeatherAppApp.swift in Sources */,
				AEC3CCE02B2CDEE2008E08DC /* ColorExtension.swift in Sources */,
				AEC3CCE42B2CFAB2008E08DC /* ForecastView.swift in Sources */,
				AEC3CCF42B2F27EB008E08DC /* ConvertButton.swift in Sources */,
			);
			runOnlyForDeploymentPostprocessing = 0;
		};
/* End PBXSourcesBuildPhase section */

/* Begin XCBuildConfiguration section */
		AE69A0482B2CAC51003E9C37 /* Debug */ = {
			isa = XCBuildConfiguration;
			buildSettings = {
				ALWAYS_SEARCH_USER_PATHS = NO;
				ASSETCATALOG_COMPILER_GENERATE_SWIFT_ASSET_SYMBOL_EXTENSIONS = YES;
				CLANG_ANALYZER_NONNULL = YES;
				CLANG_ANALYZER_NUMBER_OBJECT_CONVERSION = YES_AGGRESSIVE;
				CLANG_CXX_LANGUAGE_STANDARD = "gnu++20";
				CLANG_ENABLE_MODULES = YES;
				CLANG_ENABLE_OBJC_ARC = YES;
				CLANG_ENABLE_OBJC_WEAK = YES;
				CLANG_WARN_BLOCK_CAPTURE_AUTORELEASING = YES;
				CLANG_WARN_BOOL_CONVERSION = YES;
				CLANG_WARN_COMMA = YES;
				CLANG_WARN_CONSTANT_CONVERSION = YES;
				CLANG_WARN_DEPRECATED_OBJC_IMPLEMENTATIONS = YES;
				CLANG_WARN_DIRECT_OBJC_ISA_USAGE = YES_ERROR;
				CLANG_WARN_DOCUMENTATION_COMMENTS = YES;
				CLANG_WARN_EMPTY_BODY = YES;
				CLANG_WARN_ENUM_CONVERSION = YES;
				CLANG_WARN_INFINITE_RECURSION = YES;
				CLANG_WARN_INT_CONVERSION = YES;
				CLANG_WARN_NON_LITERAL_NULL_CONVERSION = YES;
				CLANG_WARN_OBJC_IMPLICIT_RETAIN_SELF = YES;
				CLANG_WARN_OBJC_LITERAL_CONVERSION = YES;
				CLANG_WARN_OBJC_ROOT_CLASS = YES_ERROR;
				CLANG_WARN_QUOTED_INCLUDE_IN_FRAMEWORK_HEADER = YES;
				CLANG_WARN_RANGE_LOOP_ANALYSIS = YES;
				CLANG_WARN_STRICT_PROTOTYPES = YES;
				CLANG_WARN_SUSPICIOUS_MOVE = YES;
				CLANG_WARN_UNGUARDED_AVAILABILITY = YES_AGGRESSIVE;
				CLANG_WARN_UNREACHABLE_CODE = YES;
				CLANG_WARN__DUPLICATE_METHOD_MATCH = YES;
				COPY_PHASE_STRIP = NO;
				DEBUG_INFORMATION_FORMAT = dwarf;
				ENABLE_STRICT_OBJC_MSGSEND = YES;
				ENABLE_TESTABILITY = YES;
				ENABLE_USER_SCRIPT_SANDBOXING = YES;
				GCC_C_LANGUAGE_STANDARD = gnu17;
				GCC_DYNAMIC_NO_PIC = NO;
				GCC_NO_COMMON_BLOCKS = YES;
				GCC_OPTIMIZATION_LEVEL = 0;
				GCC_PREPROCESSOR_DEFINITIONS = (
					"DEBUG=1",
					"$(inherited)",
				);
				GCC_WARN_64_TO_32_BIT_CONVERSION = YES;
				GCC_WARN_ABOUT_RETURN_TYPE = YES_ERROR;
				GCC_WARN_UNDECLARED_SELECTOR = YES;
				GCC_WARN_UNINITIALIZED_AUTOS = YES_AGGRESSIVE;
				GCC_WARN_UNUSED_FUNCTION = YES;
				GCC_WARN_UNUSED_VARIABLE = YES;
				IPHONEOS_DEPLOYMENT_TARGET = 17.2;
				LOCALIZATION_PREFERS_STRING_CATALOGS = YES;
				MTL_ENABLE_DEBUG_INFO = INCLUDE_SOURCE;
				MTL_FAST_MATH = YES;
				ONLY_ACTIVE_ARCH = YES;
				SDKROOT = iphoneos;
				SWIFT_ACTIVE_COMPILATION_CONDITIONS = "DEBUG $(inherited)";
				SWIFT_OPTIMIZATION_LEVEL = "-Onone";
			};
			name = Debug;
		};
		AE69A0492B2CAC51003E9C37 /* Release */ = {
			isa = XCBuildConfiguration;
			buildSettings = {
				ALWAYS_SEARCH_USER_PATHS = NO;
				ASSETCATALOG_COMPILER_GENERATE_SWIFT_ASSET_SYMBOL_EXTENSIONS = YES;
				CLANG_ANALYZER_NONNULL = YES;
				CLANG_ANALYZER_NUMBER_OBJECT_CONVERSION = YES_AGGRESSIVE;
				CLANG_CXX_LANGUAGE_STANDARD = "gnu++20";
				CLANG_ENABLE_MODULES = YES;
				CLANG_ENABLE_OBJC_ARC = YES;
				CLANG_ENABLE_OBJC_WEAK = YES;
				CLANG_WARN_BLOCK_CAPTURE_AUTORELEASING = YES;
				CLANG_WARN_BOOL_CONVERSION = YES;
				CLANG_WARN_COMMA = YES;
				CLANG_WARN_CONSTANT_CONVERSION = YES;
				CLANG_WARN_DEPRECATED_OBJC_IMPLEMENTATIONS = YES;
				CLANG_WARN_DIRECT_OBJC_ISA_USAGE = YES_ERROR;
				CLANG_WARN_DOCUMENTATION_COMMENTS = YES;
				CLANG_WARN_EMPTY_BODY = YES;
				CLANG_WARN_ENUM_CONVERSION = YES;
				CLANG_WARN_INFINITE_RECURSION = YES;
				CLANG_WARN_INT_CONVERSION = YES;
				CLANG_WARN_NON_LITERAL_NULL_CONVERSION = YES;
				CLANG_WARN_OBJC_IMPLICIT_RETAIN_SELF = YES;
				CLANG_WARN_OBJC_LITERAL_CONVERSION = YES;
				CLANG_WARN_OBJC_ROOT_CLASS = YES_ERROR;
				CLANG_WARN_QUOTED_INCLUDE_IN_FRAMEWORK_HEADER = YES;
				CLANG_WARN_RANGE_LOOP_ANALYSIS = YES;
				CLANG_WARN_STRICT_PROTOTYPES = YES;
				CLANG_WARN_SUSPICIOUS_MOVE = YES;
				CLANG_WARN_UNGUARDED_AVAILABILITY = YES_AGGRESSIVE;
				CLANG_WARN_UNREACHABLE_CODE = YES;
				CLANG_WARN__DUPLICATE_METHOD_MATCH = YES;
				COPY_PHASE_STRIP = NO;
				DEBUG_INFORMATION_FORMAT = "dwarf-with-dsym";
				ENABLE_NS_ASSERTIONS = NO;
				ENABLE_STRICT_OBJC_MSGSEND = YES;
				ENABLE_USER_SCRIPT_SANDBOXING = YES;
				GCC_C_LANGUAGE_STANDARD = gnu17;
				GCC_NO_COMMON_BLOCKS = YES;
				GCC_WARN_64_TO_32_BIT_CONVERSION = YES;
				GCC_WARN_ABOUT_RETURN_TYPE = YES_ERROR;
				GCC_WARN_UNDECLARED_SELECTOR = YES;
				GCC_WARN_UNINITIALIZED_AUTOS = YES_AGGRESSIVE;
				GCC_WARN_UNUSED_FUNCTION = YES;
				GCC_WARN_UNUSED_VARIABLE = YES;
				IPHONEOS_DEPLOYMENT_TARGET = 17.2;
				LOCALIZATION_PREFERS_STRING_CATALOGS = YES;
				MTL_ENABLE_DEBUG_INFO = NO;
				MTL_FAST_MATH = YES;
				SDKROOT = iphoneos;
				SWIFT_COMPILATION_MODE = wholemodule;
				VALIDATE_PRODUCT = YES;
			};
			name = Release;
		};
		AE69A04B2B2CAC51003E9C37 /* Debug */ = {
			isa = XCBuildConfiguration;
			buildSettings = {
				ASSETCATALOG_COMPILER_APPICON_NAME = AppIcon;
				ASSETCATALOG_COMPILER_GLOBAL_ACCENT_COLOR_NAME = AccentColor;
				CODE_SIGN_IDENTITY = "Apple Development";
				CODE_SIGN_STYLE = Automatic;
				CURRENT_PROJECT_VERSION = 1;
				DEVELOPMENT_ASSET_PATHS = "\"WeatherApp/Preview Content\"";
				DEVELOPMENT_TEAM = 55S5C7A3W7;
				ENABLE_PREVIEWS = YES;
				GENERATE_INFOPLIST_FILE = YES;
				INFOPLIST_KEY_UIApplicationSceneManifest_Generation = YES;
				INFOPLIST_KEY_UIApplicationSupportsIndirectInputEvents = YES;
				INFOPLIST_KEY_UILaunchScreen_Generation = YES;
				INFOPLIST_KEY_UISupportedInterfaceOrientations_iPad = "UIInterfaceOrientationPortrait UIInterfaceOrientationPortraitUpsideDown UIInterfaceOrientationLandscapeLeft UIInterfaceOrientationLandscapeRight";
				INFOPLIST_KEY_UISupportedInterfaceOrientations_iPhone = "UIInterfaceOrientationPortrait UIInterfaceOrientationLandscapeLeft UIInterfaceOrientationLandscapeRight";
				LD_RUNPATH_SEARCH_PATHS = (
					"$(inherited)",
					"@executable_path/Frameworks",
				);
				MARKETING_VERSION = 1.0;
				PRODUCT_BUNDLE_IDENTIFIER = com.thanaphong.WeatherApp;
				PRODUCT_NAME = "$(TARGET_NAME)";
				PROVISIONING_PROFILE_SPECIFIER = "";
				SWIFT_EMIT_LOC_STRINGS = YES;
				SWIFT_VERSION = 5.0;
				TARGETED_DEVICE_FAMILY = "1,2";
			};
			name = Debug;
		};
		AE69A04C2B2CAC51003E9C37 /* Release */ = {
			isa = XCBuildConfiguration;
			buildSettings = {
				ASSETCATALOG_COMPILER_APPICON_NAME = AppIcon;
				ASSETCATALOG_COMPILER_GLOBAL_ACCENT_COLOR_NAME = AccentColor;
				CODE_SIGN_IDENTITY = "Apple Development";
				CODE_SIGN_STYLE = Automatic;
				CURRENT_PROJECT_VERSION = 1;
				DEVELOPMENT_ASSET_PATHS = "\"WeatherApp/Preview Content\"";
				DEVELOPMENT_TEAM = 55S5C7A3W7;
				ENABLE_PREVIEWS = YES;
				GENERATE_INFOPLIST_FILE = YES;
				INFOPLIST_KEY_UIApplicationSceneManifest_Generation = YES;
				INFOPLIST_KEY_UIApplicationSupportsIndirectInputEvents = YES;
				INFOPLIST_KEY_UILaunchScreen_Generation = YES;
				INFOPLIST_KEY_UISupportedInterfaceOrientations_iPad = "UIInterfaceOrientationPortrait UIInterfaceOrientationPortraitUpsideDown UIInterfaceOrientationLandscapeLeft UIInterfaceOrientationLandscapeRight";
				INFOPLIST_KEY_UISupportedInterfaceOrientations_iPhone = "UIInterfaceOrientationPortrait UIInterfaceOrientationLandscapeLeft UIInterfaceOrientationLandscapeRight";
				LD_RUNPATH_SEARCH_PATHS = (
					"$(inherited)",
					"@executable_path/Frameworks",
				);
				MARKETING_VERSION = 1.0;
				PRODUCT_BUNDLE_IDENTIFIER = com.thanaphong.WeatherApp;
				PRODUCT_NAME = "$(TARGET_NAME)";
				PROVISIONING_PROFILE_SPECIFIER = "";
				SWIFT_EMIT_LOC_STRINGS = YES;
				SWIFT_VERSION = 5.0;
				TARGETED_DEVICE_FAMILY = "1,2";
			};
			name = Release;
		};
/* End XCBuildConfiguration section */

/* Begin XCConfigurationList section */
		AE69A0372B2CAC50003E9C37 /* Build configuration list for PBXProject "WeatherApp" */ = {
			isa = XCConfigurationList;
			buildConfigurations = (
				AE69A0482B2CAC51003E9C37 /* Debug */,
				AE69A0492B2CAC51003E9C37 /* Release */,
			);
			defaultConfigurationIsVisible = 0;
			defaultConfigurationName = Release;
		};
		AE69A04A2B2CAC51003E9C37 /* Build configuration list for PBXNativeTarget "WeatherApp" */ = {
			isa = XCConfigurationList;
			buildConfigurations = (
				AE69A04B2B2CAC51003E9C37 /* Debug */,
				AE69A04C2B2CAC51003E9C37 /* Release */,
			);
			defaultConfigurationIsVisible = 0;
			defaultConfigurationName = Release;
		};
/* End XCConfigurationList section */

/* Begin XCRemoteSwiftPackageReference section */
		AE69A04D2B2CAFEC003E9C37 /* XCRemoteSwiftPackageReference "CombineCocoa" */ = {
			isa = XCRemoteSwiftPackageReference;
			repositoryURL = "https://github.com/CombineCommunity/CombineCocoa.git";
			requirement = {
				kind = upToNextMajorVersion;
				minimumVersion = 0.4.1;
			};
		};
		AE69A0502B2CAFF8003E9C37 /* XCRemoteSwiftPackageReference "ObjectMapper" */ = {
			isa = XCRemoteSwiftPackageReference;
			repositoryURL = "https://github.com/tristanhimmelman/ObjectMapper.git";
			requirement = {
				kind = upToNextMajorVersion;
				minimumVersion = 4.2.0;
			};
		};
		AE69A0532B2CB00E003E9C37 /* XCRemoteSwiftPackageReference "Alamofire" */ = {
			isa = XCRemoteSwiftPackageReference;
			repositoryURL = "https://github.com/Alamofire/Alamofire.git";
			requirement = {
				kind = upToNextMajorVersion;
				minimumVersion = 5.8.1;
			};
		};
/* End XCRemoteSwiftPackageReference section */

/* Begin XCSwiftPackageProductDependency section */
		AE69A04E2B2CAFEC003E9C37 /* CombineCocoa */ = {
			isa = XCSwiftPackageProductDependency;
			package = AE69A04D2B2CAFEC003E9C37 /* XCRemoteSwiftPackageReference "CombineCocoa" */;
			productName = CombineCocoa;
		};
		AE69A0512B2CAFF8003E9C37 /* ObjectMapper */ = {
			isa = XCSwiftPackageProductDependency;
			package = AE69A0502B2CAFF8003E9C37 /* XCRemoteSwiftPackageReference "ObjectMapper" */;
			productName = ObjectMapper;
		};
		AE69A0542B2CB00E003E9C37 /* Alamofire */ = {
			isa = XCSwiftPackageProductDependency;
			package = AE69A0532B2CB00E003E9C37 /* XCRemoteSwiftPackageReference "Alamofire" */;
			productName = Alamofire;
		};
/* End XCSwiftPackageProductDependency section */
	};
	rootObject = AE69A0342B2CAC50003E9C37 /* Project object */;
}
